
Microsoft Visual Studio Solution File, Format Version 12.00
# Visual Studio Version 16
VisualStudioVersion = 16.0.31129.286
MinimumVisualStudioVersion = 10.0.40219.1
Project("{FAE04EC0-301F-11D3-BF4B-00C04F79EFBC}") = "SHOE'S", "SHOE'S.csproj", "{29EFC0FE-70C1-4C5F-BA08-514CB7B7C5B1}"
EndProject
Global
	GlobalSection(SolutionConfigurationPlatforms) = preSolution
		Debug|Any CPU = Debug|Any CPU
		Release|Any CPU = Release|Any CPU
	EndGlobalSection
	GlobalSection(ProjectConfigurationPlatforms) = postSolution
		{29EFC0FE-70C1-4C5F-BA08-514CB7B7C5B1}.Debug|Any CPU.ActiveCfg = Debug|Any CPU
		{29EFC0FE-70C1-4C5F-BA08-514CB7B7C5B1}.Debug|Any CPU.Build.0 = Debug|Any CPU
		{29EFC0FE-70C1-4C5F-BA08-514CB7B7C5B1}.Release|Any CPU.ActiveCfg = Release|Any CPU
		{29EFC0FE-70C1-4C5F-BA08-514CB7B7C5B1}.Release|Any CPU.Build.0 = Release|Any CPU
	EndGlobalSection
	GlobalSection(SolutionProperties) = preSolution
		HideSolutionNode = FALSE
	EndGlobalSection
	GlobalSection(ExtensibilityGlobals) = postSolution
		SolutionGuid = {7DB4CF64-BBB8-4E38-82EA-2D2C25EFF6B6}
	EndGlobalSection
EndGlobal
